// !$*UTF8*$!
{
	archiveVersion = 1;
	classes = {
	};
	objectVersion = 56;
	objects = {

/* Begin PBXBuildFile section */
		767FF42D2A36B339000F77F7 /* Demo_ProjectApp.swift in Sources */ = {isa = PBXBuildFile; fileRef = 767FF42C2A36B339000F77F7 /* Demo_ProjectApp.swift */; };
		767FF42F2A36B339000F77F7 /* ContentView.swift in Sources */ = {isa = PBXBuildFile; fileRef = 767FF42E2A36B339000F77F7 /* ContentView.swift */; };
		767FF4312A36B33A000F77F7 /* Assets.xcassets in Resources */ = {isa = PBXBuildFile; fileRef = 767FF4302A36B33A000F77F7 /* Assets.xcassets */; };
		767FF4342A36B33A000F77F7 /* Preview Assets.xcassets in Resources */ = {isa = PBXBuildFile; fileRef = 767FF4332A36B33A000F77F7 /* Preview Assets.xcassets */; };
		767FF43E2A36B36C000F77F7 /* FrameworkliciousCore in Frameworks */ = {isa = PBXBuildFile; productRef = 767FF43D2A36B36C000F77F7 /* FrameworkliciousCore */; };
		9B79B2C42A4AE27400FA0748 /* Steps.swift in Sources */ = {isa = PBXBuildFile; fileRef = 9B79B2C32A4AE27400FA0748 /* Steps.swift */; };
		9B79B2C72A4AE28D00FA0748 /* HealthStore.swift in Sources */ = {isa = PBXBuildFile; fileRef = 9B79B2C62A4AE28D00FA0748 /* HealthStore.swift */; };
		9B79B2C92A4AE2BB00FA0748 /* DateExtension.swift in Sources */ = {isa = PBXBuildFile; fileRef = 9B79B2C82A4AE2BB00FA0748 /* DateExtension.swift */; };
		9B79B2CB2A4AE2D300FA0748 /* ColorExtension.swift in Sources */ = {isa = PBXBuildFile; fileRef = 9B79B2CA2A4AE2D300FA0748 /* ColorExtension.swift */; };
		9B79B2CE2A4AE30F00FA0748 /* DialView.swift in Sources */ = {isa = PBXBuildFile; fileRef = 9B79B2CD2A4AE30F00FA0748 /* DialView.swift */; };
		9B79B2D02A4AE34200FA0748 /* CircleView.swift in Sources */ = {isa = PBXBuildFile; fileRef = 9B79B2CF2A4AE34200FA0748 /* CircleView.swift */; };
		9B79B2D22A4AE36600FA0748 /* AddGoalView.swift in Sources */ = {isa = PBXBuildFile; fileRef = 9B79B2D12A4AE36600FA0748 /* AddGoalView.swift */; };
		9B79B2D42A4AE39000FA0748 /* NeumorphicStyleTextField.swift in Sources */ = {isa = PBXBuildFile; fileRef = 9B79B2D32A4AE39000FA0748 /* NeumorphicStyleTextField.swift */; };
		9B79B2D62A4AE3B500FA0748 /* GraphView.swift in Sources */ = {isa = PBXBuildFile; fileRef = 9B79B2D52A4AE3B500FA0748 /* GraphView.swift */; };
		9B79B2DA2A4AE3E400FA0748 /* StatTileView.swift in Sources */ = {isa = PBXBuildFile; fileRef = 9B79B2D92A4AE3E400FA0748 /* StatTileView.swift */; };
/* End PBXBuildFile section */

/* Begin PBXFileReference section */
		767FF4292A36B339000F77F7 /* Demo Project.app */ = {isa = PBXFileReference; explicitFileType = wrapper.application; includeInIndex = 0; path = "Demo Project.app"; sourceTree = BUILT_PRODUCTS_DIR; };
		767FF42C2A36B339000F77F7 /* Demo_ProjectApp.swift */ = {isa = PBXFileReference; lastKnownFileType = sourcecode.swift; path = Demo_ProjectApp.swift; sourceTree = "<group>"; };
		767FF42E2A36B339000F77F7 /* ContentView.swift */ = {isa = PBXFileReference; lastKnownFileType = sourcecode.swift; path = ContentView.swift; sourceTree = "<group>"; };
		767FF4302A36B33A000F77F7 /* Assets.xcassets */ = {isa = PBXFileReference; lastKnownFileType = folder.assetcatalog; path = Assets.xcassets; sourceTree = "<group>"; };
		767FF4332A36B33A000F77F7 /* Preview Assets.xcassets */ = {isa = PBXFileReference; lastKnownFileType = folder.assetcatalog; path = "Preview Assets.xcassets"; sourceTree = "<group>"; };
		767FF43B2A36B357000F77F7 /* FrameworkliciousCore */ = {isa = PBXFileReference; lastKnownFileType = wrapper; name = FrameworkliciousCore; path = ../FrameworkliciousCore; sourceTree = "<group>"; };
		9B79B2C32A4AE27400FA0748 /* Steps.swift */ = {isa = PBXFileReference; lastKnownFileType = sourcecode.swift; path = Steps.swift; sourceTree = "<group>"; };
		9B79B2C62A4AE28D00FA0748 /* HealthStore.swift */ = {isa = PBXFileReference; lastKnownFileType = sourcecode.swift; path = HealthStore.swift; sourceTree = "<group>"; };
		9B79B2C82A4AE2BB00FA0748 /* DateExtension.swift */ = {isa = PBXFileReference; lastKnownFileType = sourcecode.swift; path = DateExtension.swift; sourceTree = "<group>"; };
		9B79B2CA2A4AE2D300FA0748 /* ColorExtension.swift */ = {isa = PBXFileReference; lastKnownFileType = sourcecode.swift; path = ColorExtension.swift; sourceTree = "<group>"; };
		9B79B2CD2A4AE30F00FA0748 /* DialView.swift */ = {isa = PBXFileReference; lastKnownFileType = sourcecode.swift; path = DialView.swift; sourceTree = "<group>"; };
		9B79B2CF2A4AE34200FA0748 /* CircleView.swift */ = {isa = PBXFileReference; lastKnownFileType = sourcecode.swift; path = CircleView.swift; sourceTree = "<group>"; };
		9B79B2D12A4AE36600FA0748 /* AddGoalView.swift */ = {isa = PBXFileReference; lastKnownFileType = sourcecode.swift; path = AddGoalView.swift; sourceTree = "<group>"; };
		9B79B2D32A4AE39000FA0748 /* NeumorphicStyleTextField.swift */ = {isa = PBXFileReference; lastKnownFileType = sourcecode.swift; path = NeumorphicStyleTextField.swift; sourceTree = "<group>"; };
		9B79B2D52A4AE3B500FA0748 /* GraphView.swift */ = {isa = PBXFileReference; lastKnownFileType = sourcecode.swift; path = GraphView.swift; sourceTree = "<group>"; };
		9B79B2D92A4AE3E400FA0748 /* StatTileView.swift */ = {isa = PBXFileReference; lastKnownFileType = sourcecode.swift; path = StatTileView.swift; sourceTree = "<group>"; };
		9B79B2DB2A4AE4BE00FA0748 /* Demo Project.entitlements */ = {isa = PBXFileReference; lastKnownFileType = text.plist.entitlements; path = "Demo Project.entitlements"; sourceTree = "<group>"; };
/* End PBXFileReference section */

/* Begin PBXFrameworksBuildPhase section */
		767FF4262A36B339000F77F7 /* Frameworks */ = {
			isa = PBXFrameworksBuildPhase;
			buildActionMask = 2147483647;
			files = (
				767FF43E2A36B36C000F77F7 /* FrameworkliciousCore in Frameworks */,
			);
			runOnlyForDeploymentPostprocessing = 0;
		};
/* End PBXFrameworksBuildPhase section */

/* Begin PBXGroup section */
		767FF4202A36B339000F77F7 = {
			isa = PBXGroup;
			children = (
				767FF42B2A36B339000F77F7 /* Demo Project */,
				767FF43A2A36B357000F77F7 /* Packages */,
				767FF42A2A36B339000F77F7 /* Products */,
				767FF43C2A36B36C000F77F7 /* Frameworks */,
			);
			sourceTree = "<group>";
		};
		767FF42A2A36B339000F77F7 /* Products */ = {
			isa = PBXGroup;
			children = (
				767FF4292A36B339000F77F7 /* Demo Project.app */,
			);
			name = Products;
			sourceTree = "<group>";
		};
		767FF42B2A36B339000F77F7 /* Demo Project */ = {
			isa = PBXGroup;
			children = (
				9B79B2DB2A4AE4BE00FA0748 /* Demo Project.entitlements */,
				9B79B2CC2A4AE2E200FA0748 /* Views */,
				9B79B2C22A4AE26400FA0748 /* Models */,
				9B79B2C52A4AE27D00FA0748 /* Managers */,
				767FF42C2A36B339000F77F7 /* Demo_ProjectApp.swift */,
				767FF42E2A36B339000F77F7 /* ContentView.swift */,
				767FF4302A36B33A000F77F7 /* Assets.xcassets */,
				767FF4322A36B33A000F77F7 /* Preview Content */,
			);
			path = "Demo Project";
			sourceTree = "<group>";
		};
		767FF4322A36B33A000F77F7 /* Preview Content */ = {
			isa = PBXGroup;
			children = (
				767FF4332A36B33A000F77F7 /* Preview Assets.xcassets */,
			);
			path = "Preview Content";
			sourceTree = "<group>";
		};
		767FF43A2A36B357000F77F7 /* Packages */ = {
			isa = PBXGroup;
			children = (
				767FF43B2A36B357000F77F7 /* FrameworkliciousCore */,
			);
			name = Packages;
			sourceTree = "<group>";
		};
		767FF43C2A36B36C000F77F7 /* Frameworks */ = {
			isa = PBXGroup;
			children = (
			);
			name = Frameworks;
			sourceTree = "<group>";
		};
		9B79B2C22A4AE26400FA0748 /* Models */ = {
			isa = PBXGroup;
			children = (
				9B79B2C32A4AE27400FA0748 /* Steps.swift */,
			);
			path = Models;
			sourceTree = "<group>";
		};
		9B79B2C52A4AE27D00FA0748 /* Managers */ = {
			isa = PBXGroup;
			children = (
				9B79B2C62A4AE28D00FA0748 /* HealthStore.swift */,
				9B79B2C82A4AE2BB00FA0748 /* DateExtension.swift */,
				9B79B2CA2A4AE2D300FA0748 /* ColorExtension.swift */,
			);
			path = Managers;
			sourceTree = "<group>";
		};
		9B79B2CC2A4AE2E200FA0748 /* Views */ = {
			isa = PBXGroup;
			children = (
				9B79B2CD2A4AE30F00FA0748 /* DialView.swift */,
				9B79B2CF2A4AE34200FA0748 /* CircleView.swift */,
				9B79B2D12A4AE36600FA0748 /* AddGoalView.swift */,
				9B79B2D32A4AE39000FA0748 /* NeumorphicStyleTextField.swift */,
				9B79B2D52A4AE3B500FA0748 /* GraphView.swift */,
				9B79B2D92A4AE3E400FA0748 /* StatTileView.swift */,
			);
			path = Views;
			sourceTree = "<group>";
		};
/* End PBXGroup section */

/* Begin PBXNativeTarget section */
		767FF4282A36B339000F77F7 /* Demo Project */ = {
			isa = PBXNativeTarget;
			buildConfigurationList = 767FF4372A36B33A000F77F7 /* Build configuration list for PBXNativeTarget "Demo Project" */;
			buildPhases = (
				767FF4252A36B339000F77F7 /* Sources */,
				767FF4262A36B339000F77F7 /* Frameworks */,
				767FF4272A36B339000F77F7 /* Resources */,
			);
			buildRules = (
			);
			dependencies = (
			);
			name = "Demo Project";
			packageProductDependencies = (
				767FF43D2A36B36C000F77F7 /* FrameworkliciousCore */,
			);
			productName = "Demo Project";
			productReference = 767FF4292A36B339000F77F7 /* Demo Project.app */;
			productType = "com.apple.product-type.application";
		};
/* End PBXNativeTarget section */

/* Begin PBXProject section */
		767FF4212A36B339000F77F7 /* Project object */ = {
			isa = PBXProject;
			attributes = {
				BuildIndependentTargetsInParallel = 1;
				LastSwiftUpdateCheck = 1430;
				LastUpgradeCheck = 1430;
				TargetAttributes = {
					767FF4282A36B339000F77F7 = {
						CreatedOnToolsVersion = 14.3;
					};
				};
			};
			buildConfigurationList = 767FF4242A36B339000F77F7 /* Build configuration list for PBXProject "Demo Project" */;
			compatibilityVersion = "Xcode 14.0";
			developmentRegion = en;
			hasScannedForEncodings = 0;
			knownRegions = (
				en,
				Base,
			);
			mainGroup = 767FF4202A36B339000F77F7;
			productRefGroup = 767FF42A2A36B339000F77F7 /* Products */;
			projectDirPath = "";
			projectRoot = "";
			targets = (
				767FF4282A36B339000F77F7 /* Demo Project */,
			);
		};
/* End PBXProject section */

/* Begin PBXResourcesBuildPhase section */
		767FF4272A36B339000F77F7 /* Resources */ = {
			isa = PBXResourcesBuildPhase;
			buildActionMask = 2147483647;
			files = (
				767FF4342A36B33A000F77F7 /* Preview Assets.xcassets in Resources */,
				767FF4312A36B33A000F77F7 /* Assets.xcassets in Resources */,
			);
			runOnlyForDeploymentPostprocessing = 0;
		};
/* End PBXResourcesBuildPhase section */

/* Begin PBXSourcesBuildPhase section */
		767FF4252A36B339000F77F7 /* Sources */ = {
			isa = PBXSourcesBuildPhase;
			buildActionMask = 2147483647;
			files = (
				9B79B2D02A4AE34200FA0748 /* CircleView.swift in Sources */,
				9B79B2DA2A4AE3E400FA0748 /* StatTileView.swift in Sources */,
				767FF42F2A36B339000F77F7 /* ContentView.swift in Sources */,
				9B79B2C92A4AE2BB00FA0748 /* DateExtension.swift in Sources */,
				9B79B2D22A4AE36600FA0748 /* AddGoalView.swift in Sources */,
				9B79B2C72A4AE28D00FA0748 /* HealthStore.swift in Sources */,
				9B79B2D42A4AE39000FA0748 /* NeumorphicStyleTextField.swift in Sources */,
				9B79B2C42A4AE27400FA0748 /* Steps.swift in Sources */,
				767FF42D2A36B339000F77F7 /* Demo_ProjectApp.swift in Sources */,
				9B79B2CB2A4AE2D300FA0748 /* ColorExtension.swift in Sources */,
				9B79B2CE2A4AE30F00FA0748 /* DialView.swift in Sources */,
				9B79B2D62A4AE3B500FA0748 /* GraphView.swift in Sources */,
			);
			runOnlyForDeploymentPostprocessing = 0;
		};
/* End PBXSourcesBuildPhase section */

/* Begin XCBuildConfiguration section */
		767FF4352A36B33A000F77F7 /* Debug */ = {
			isa = XCBuildConfiguration;
			buildSettings = {
				ALWAYS_SEARCH_USER_PATHS = NO;
				CLANG_ANALYZER_NONNULL = YES;
				CLANG_ANALYZER_NUMBER_OBJECT_CONVERSION = YES_AGGRESSIVE;
				CLANG_CXX_LANGUAGE_STANDARD = "gnu++20";
				CLANG_ENABLE_MODULES = YES;
				CLANG_ENABLE_OBJC_ARC = YES;
				CLANG_ENABLE_OBJC_WEAK = YES;
				CLANG_WARN_BLOCK_CAPTURE_AUTORELEASING = YES;
				CLANG_WARN_BOOL_CONVERSION = YES;
				CLANG_WARN_COMMA = YES;
				CLANG_WARN_CONSTANT_CONVERSION = YES;
				CLANG_WARN_DEPRECATED_OBJC_IMPLEMENTATIONS = YES;
				CLANG_WARN_DIRECT_OBJC_ISA_USAGE = YES_ERROR;
				CLANG_WARN_DOCUMENTATION_COMMENTS = YES;
				CLANG_WARN_EMPTY_BODY = YES;
				CLANG_WARN_ENUM_CONVERSION = YES;
				CLANG_WARN_INFINITE_RECURSION = YES;
				CLANG_WARN_INT_CONVERSION = YES;
				CLANG_WARN_NON_LITERAL_NULL_CONVERSION = YES;
				CLANG_WARN_OBJC_IMPLICIT_RETAIN_SELF = YES;
				CLANG_WARN_OBJC_LITERAL_CONVERSION = YES;
				CLANG_WARN_OBJC_ROOT_CLASS = YES_ERROR;
				CLANG_WARN_QUOTED_INCLUDE_IN_FRAMEWORK_HEADER = YES;
				CLANG_WARN_RANGE_LOOP_ANALYSIS = YES;
				CLANG_WARN_STRICT_PROTOTYPES = YES;
				CLANG_WARN_SUSPICIOUS_MOVE = YES;
				CLANG_WARN_UNGUARDED_AVAILABILITY = YES_AGGRESSIVE;
				CLANG_WARN_UNREACHABLE_CODE = YES;
				CLANG_WARN__DUPLICATE_METHOD_MATCH = YES;
				COPY_PHASE_STRIP = NO;
				DEBUG_INFORMATION_FORMAT = dwarf;
				ENABLE_STRICT_OBJC_MSGSEND = YES;
				ENABLE_TESTABILITY = YES;
				GCC_C_LANGUAGE_STANDARD = gnu11;
				GCC_DYNAMIC_NO_PIC = NO;
				GCC_NO_COMMON_BLOCKS = YES;
				GCC_OPTIMIZATION_LEVEL = 0;
				GCC_PREPROCESSOR_DEFINITIONS = (
					"DEBUG=1",
					"$(inherited)",
				);
				GCC_WARN_64_TO_32_BIT_CONVERSION = YES;
				GCC_WARN_ABOUT_RETURN_TYPE = YES_ERROR;
				GCC_WARN_UNDECLARED_SELECTOR = YES;
				GCC_WARN_UNINITIALIZED_AUTOS = YES_AGGRESSIVE;
				GCC_WARN_UNUSED_FUNCTION = YES;
				GCC_WARN_UNUSED_VARIABLE = YES;
				IPHONEOS_DEPLOYMENT_TARGET = 16.4;
				MTL_ENABLE_DEBUG_INFO = INCLUDE_SOURCE;
				MTL_FAST_MATH = YES;
				ONLY_ACTIVE_ARCH = YES;
				SDKROOT = iphoneos;
				SWIFT_ACTIVE_COMPILATION_CONDITIONS = DEBUG;
				SWIFT_OPTIMIZATION_LEVEL = "-Onone";
			};
			name = Debug;
		};
		767FF4362A36B33A000F77F7 /* Release */ = {
			isa = XCBuildConfiguration;
			buildSettings = {
				ALWAYS_SEARCH_USER_PATHS = NO;
				CLANG_ANALYZER_NONNULL = YES;
				CLANG_ANALYZER_NUMBER_OBJECT_CONVERSION = YES_AGGRESSIVE;
				CLANG_CXX_LANGUAGE_STANDARD = "gnu++20";
				CLANG_ENABLE_MODULES = YES;
				CLANG_ENABLE_OBJC_ARC = YES;
				CLANG_ENABLE_OBJC_WEAK = YES;
				CLANG_WARN_BLOCK_CAPTURE_AUTORELEASING = YES;
				CLANG_WARN_BOOL_CONVERSION = YES;
				CLANG_WARN_COMMA = YES;
				CLANG_WARN_CONSTANT_CONVERSION = YES;
				CLANG_WARN_DEPRECATED_OBJC_IMPLEMENTATIONS = YES;
				CLANG_WARN_DIRECT_OBJC_ISA_USAGE = YES_ERROR;
				CLANG_WARN_DOCUMENTATION_COMMENTS = YES;
				CLANG_WARN_EMPTY_BODY = YES;
				CLANG_WARN_ENUM_CONVERSION = YES;
				CLANG_WARN_INFINITE_RECURSION = YES;
				CLANG_WARN_INT_CONVERSION = YES;
				CLANG_WARN_NON_LITERAL_NULL_CONVERSION = YES;
				CLANG_WARN_OBJC_IMPLICIT_RETAIN_SELF = YES;
				CLANG_WARN_OBJC_LITERAL_CONVERSION = YES;
				CLANG_WARN_OBJC_ROOT_CLASS = YES_ERROR;
				CLANG_WARN_QUOTED_INCLUDE_IN_FRAMEWORK_HEADER = YES;
				CLANG_WARN_RANGE_LOOP_ANALYSIS = YES;
				CLANG_WARN_STRICT_PROTOTYPES = YES;
				CLANG_WARN_SUSPICIOUS_MOVE = YES;
				CLANG_WARN_UNGUARDED_AVAILABILITY = YES_AGGRESSIVE;
				CLANG_WARN_UNREACHABLE_CODE = YES;
				CLANG_WARN__DUPLICATE_METHOD_MATCH = YES;
				COPY_PHASE_STRIP = NO;
				DEBUG_INFORMATION_FORMAT = "dwarf-with-dsym";
				ENABLE_NS_ASSERTIONS = NO;
				ENABLE_STRICT_OBJC_MSGSEND = YES;
				GCC_C_LANGUAGE_STANDARD = gnu11;
				GCC_NO_COMMON_BLOCKS = YES;
				GCC_WARN_64_TO_32_BIT_CONVERSION = YES;
				GCC_WARN_ABOUT_RETURN_TYPE = YES_ERROR;
				GCC_WARN_UNDECLARED_SELECTOR = YES;
				GCC_WARN_UNINITIALIZED_AUTOS = YES_AGGRESSIVE;
				GCC_WARN_UNUSED_FUNCTION = YES;
				GCC_WARN_UNUSED_VARIABLE = YES;
				IPHONEOS_DEPLOYMENT_TARGET = 16.4;
				MTL_ENABLE_DEBUG_INFO = NO;
				MTL_FAST_MATH = YES;
				SDKROOT = iphoneos;
				SWIFT_COMPILATION_MODE = wholemodule;
				SWIFT_OPTIMIZATION_LEVEL = "-O";
				VALIDATE_PRODUCT = YES;
			};
			name = Release;
		};
		767FF4382A36B33A000F77F7 /* Debug */ = {
			isa = XCBuildConfiguration;
			buildSettings = {
				ASSETCATALOG_COMPILER_APPICON_NAME = AppIcon;
				ASSETCATALOG_COMPILER_GLOBAL_ACCENT_COLOR_NAME = AccentColor;
				CODE_SIGN_ENTITLEMENTS = "Demo Project/Demo Project.entitlements";
				CODE_SIGN_STYLE = Automatic;
				CURRENT_PROJECT_VERSION = 1;
				DEVELOPMENT_ASSET_PATHS = "\"Demo Project/Preview Content\"";
				DEVELOPMENT_TEAM = AU84RKKUXN;
				ENABLE_PREVIEWS = YES;
				GENERATE_INFOPLIST_FILE = YES;
				INFOPLIST_KEY_LSApplicationCategoryType = "";
				INFOPLIST_KEY_NSHealthShareUsageDescription = "This app need your permission to read your Steps data";
				INFOPLIST_KEY_NSHealthUpdateUsageDescription = "This app need your permission to read your Steps data";
				INFOPLIST_KEY_UIApplicationSceneManifest_Generation = YES;
				INFOPLIST_KEY_UIApplicationSupportsIndirectInputEvents = YES;
				INFOPLIST_KEY_UILaunchScreen_Generation = YES;
				INFOPLIST_KEY_UISupportedInterfaceOrientations_iPad = "UIInterfaceOrientationPortrait UIInterfaceOrientationPortraitUpsideDown UIInterfaceOrientationLandscapeLeft UIInterfaceOrientationLandscapeRight";
				INFOPLIST_KEY_UISupportedInterfaceOrientations_iPhone = "UIInterfaceOrientationPortrait UIInterfaceOrientationLandscapeLeft UIInterfaceOrientationLandscapeRight";
				LD_RUNPATH_SEARCH_PATHS = (
					"$(inherited)",
					"@executable_path/Frameworks",
				);
				MARKETING_VERSION = 1.0;
				PRODUCT_BUNDLE_IDENTIFIER = "app.jiachen.Demo-Project";
				PRODUCT_NAME = "$(TARGET_NAME)";
				SWIFT_EMIT_LOC_STRINGS = YES;
				SWIFT_VERSION = 5.0;
				TARGETED_DEVICE_FAMILY = "1,2";
			};
			name = Debug;
		};
		767FF4392A36B33A000F77F7 /* Release */ = {
			isa = XCBuildConfiguration;
			buildSettings = {
				ASSETCATALOG_COMPILER_APPICON_NAME = AppIcon;
				ASSETCATALOG_COMPILER_GLOBAL_ACCENT_COLOR_NAME = AccentColor;
				CODE_SIGN_ENTITLEMENTS = "Demo Project/Demo Project.entitlements";
				CODE_SIGN_STYLE = Automatic;
				CURRENT_PROJECT_VERSION = 1;
				DEVELOPMENT_ASSET_PATHS = "\"Demo Project/Preview Content\"";
				DEVELOPMENT_TEAM = AU84RKKUXN;
				ENABLE_PREVIEWS = YES;
				GENERATE_INFOPLIST_FILE = YES;
				INFOPLIST_KEY_LSApplicationCategoryType = "";
				INFOPLIST_KEY_NSHealthShareUsageDescription = "This app need your permission to read your Steps data";
				INFOPLIST_KEY_NSHealthUpdateUsageDescription = "This app need your permission to read your Steps data";
				INFOPLIST_KEY_UIApplicationSceneManifest_Generation = YES;
				INFOPLIST_KEY_UIApplicationSupportsIndirectInputEvents = YES;
				INFOPLIST_KEY_UILaunchScreen_Generation = YES;
				INFOPLIST_KEY_UISupportedInterfaceOrientations_iPad = "UIInterfaceOrientationPortrait UIInterfaceOrientationPortraitUpsideDown UIInterfaceOrientationLandscapeLeft UIInterfaceOrientationLandscapeRight";
				INFOPLIST_KEY_UISupportedInterfaceOrientations_iPhone = "UIInterfaceOrientationPortrait UIInterfaceOrientationLandscapeLeft UIInterfaceOrientationLandscapeRight";
				LD_RUNPATH_SEARCH_PATHS = (
					"$(inherited)",
					"@executable_path/Frameworks",
				);
				MARKETING_VERSION = 1.0;
				PRODUCT_BUNDLE_IDENTIFIER = "app.jiachen.Demo-Project";
				PRODUCT_NAME = "$(TARGET_NAME)";
				SWIFT_EMIT_LOC_STRINGS = YES;
				SWIFT_VERSION = 5.0;
				TARGETED_DEVICE_FAMILY = "1,2";
			};
			name = Release;
		};
/* End XCBuildConfiguration section */

/* Begin XCConfigurationList section */
		767FF4242A36B339000F77F7 /* Build configuration list for PBXProject "Demo Project" */ = {
			isa = XCConfigurationList;
			buildConfigurations = (
				767FF4352A36B33A000F77F7 /* Debug */,
				767FF4362A36B33A000F77F7 /* Release */,
			);
			defaultConfigurationIsVisible = 0;
			defaultConfigurationName = Release;
		};
		767FF4372A36B33A000F77F7 /* Build configuration list for PBXNativeTarget "Demo Project" */ = {
			isa = XCConfigurationList;
			buildConfigurations = (
				767FF4382A36B33A000F77F7 /* Debug */,
				767FF4392A36B33A000F77F7 /* Release */,
			);
			defaultConfigurationIsVisible = 0;
			defaultConfigurationName = Release;
		};
/* End XCConfigurationList section */

/* Begin XCSwiftPackageProductDependency section */
		767FF43D2A36B36C000F77F7 /* FrameworkliciousCore */ = {
			isa = XCSwiftPackageProductDependency;
			productName = FrameworkliciousCore;
		};
/* End XCSwiftPackageProductDependency section */
	};
	rootObject = 767FF4212A36B339000F77F7 /* Project object */;
}
