// !$*UTF8*$!
{
	archiveVersion = 1;
	classes = {
	};
	objectVersion = 56;
	objects = {

/* Begin PBXBuildFile section */
		CC70243F2A4CE99D00AF13FD /* apple-2.mp4 in Resources */ = {isa = PBXBuildFile; fileRef = CC70243D2A4CE99C00AF13FD /* apple-2.mp4 */; };
		CC7024402A4CE99D00AF13FD /* apple-1.mp4 in Resources */ = {isa = PBXBuildFile; fileRef = CC70243E2A4CE99C00AF13FD /* apple-1.mp4 */; };
		CCBEB90E2A4BD70F00320D7C /* SocialMediaView.swift in Sources */ = {isa = PBXBuildFile; fileRef = CCBEB90D2A4BD70F00320D7C /* SocialMediaView.swift */; };
		CCBEB9142A4BDEAC00320D7C /* test.MOV in Resources */ = {isa = PBXBuildFile; fileRef = CCBEB9132A4BDEAC00320D7C /* test.MOV */; };
		CCBEB9162A4BEB5700320D7C /* ButtonView.swift in Sources */ = {isa = PBXBuildFile; fileRef = CCBEB9152A4BEB5700320D7C /* ButtonView.swift */; };
		CCFB18772A436E80004BB524 /* AppDelegate.swift in Sources */ = {isa = PBXBuildFile; fileRef = CCFB18762A436E80004BB524 /* AppDelegate.swift */; };
		CCFB18792A436E80004BB524 /* art.scnassets in Resources */ = {isa = PBXBuildFile; fileRef = CCFB18782A436E80004BB524 /* art.scnassets */; };
		CCFB187B2A436E80004BB524 /* ViewController.swift in Sources */ = {isa = PBXBuildFile; fileRef = CCFB187A2A436E80004BB524 /* ViewController.swift */; };
		CCFB187E2A436E80004BB524 /* Main.storyboard in Resources */ = {isa = PBXBuildFile; fileRef = CCFB187C2A436E80004BB524 /* Main.storyboard */; };
		CCFB18802A436E81004BB524 /* Assets.xcassets in Resources */ = {isa = PBXBuildFile; fileRef = CCFB187F2A436E81004BB524 /* Assets.xcassets */; };
		CCFB18832A436E81004BB524 /* LaunchScreen.storyboard in Resources */ = {isa = PBXBuildFile; fileRef = CCFB18812A436E81004BB524 /* LaunchScreen.storyboard */; };
		CCFB18902A436FB3004BB524 /* SwiftUICardView.swift in Sources */ = {isa = PBXBuildFile; fileRef = CCFB188F2A436FB3004BB524 /* SwiftUICardView.swift */; };
/* End PBXBuildFile section */

/* Begin PBXFileReference section */
		CC70243D2A4CE99C00AF13FD /* apple-2.mp4 */ = {isa = PBXFileReference; lastKnownFileType = file; path = "apple-2.mp4"; sourceTree = "<group>"; };
		CC70243E2A4CE99C00AF13FD /* apple-1.mp4 */ = {isa = PBXFileReference; lastKnownFileType = file; path = "apple-1.mp4"; sourceTree = "<group>"; };
		CCBEB90D2A4BD70F00320D7C /* SocialMediaView.swift */ = {isa = PBXFileReference; lastKnownFileType = sourcecode.swift; path = SocialMediaView.swift; sourceTree = "<group>"; };
		CCBEB9132A4BDEAC00320D7C /* test.MOV */ = {isa = PBXFileReference; lastKnownFileType = video.quicktime; path = test.MOV; sourceTree = "<group>"; };
		CCBEB9152A4BEB5700320D7C /* ButtonView.swift */ = {isa = PBXFileReference; lastKnownFileType = sourcecode.swift; path = ButtonView.swift; sourceTree = "<group>"; };
		CCFB18732A436E80004BB524 /* ARBusinessCard.app */ = {isa = PBXFileReference; explicitFileType = wrapper.application; includeInIndex = 0; path = ARBusinessCard.app; sourceTree = BUILT_PRODUCTS_DIR; };
		CCFB18762A436E80004BB524 /* AppDelegate.swift */ = {isa = PBXFileReference; lastKnownFileType = sourcecode.swift; path = AppDelegate.swift; sourceTree = "<group>"; };
		CCFB18782A436E80004BB524 /* art.scnassets */ = {isa = PBXFileReference; lastKnownFileType = wrapper.scnassets; path = art.scnassets; sourceTree = "<group>"; };
		CCFB187A2A436E80004BB524 /* ViewController.swift */ = {isa = PBXFileReference; lastKnownFileType = sourcecode.swift; path = ViewController.swift; sourceTree = "<group>"; };
		CCFB187D2A436E80004BB524 /* Base */ = {isa = PBXFileReference; lastKnownFileType = file.storyboard; name = Base; path = Base.lproj/Main.storyboard; sourceTree = "<group>"; };
		CCFB187F2A436E81004BB524 /* Assets.xcassets */ = {isa = PBXFileReference; lastKnownFileType = folder.assetcatalog; path = Assets.xcassets; sourceTree = "<group>"; };
		CCFB18822A436E81004BB524 /* Base */ = {isa = PBXFileReference; lastKnownFileType = file.storyboard; name = Base; path = Base.lproj/LaunchScreen.storyboard; sourceTree = "<group>"; };
		CCFB188F2A436FB3004BB524 /* SwiftUICardView.swift */ = {isa = PBXFileReference; lastKnownFileType = sourcecode.swift; path = SwiftUICardView.swift; sourceTree = "<group>"; };
/* End PBXFileReference section */

/* Begin PBXFrameworksBuildPhase section */
		CCFB18702A436E80004BB524 /* Frameworks */ = {
			isa = PBXFrameworksBuildPhase;
			buildActionMask = 2147483647;
			files = (
			);
			runOnlyForDeploymentPostprocessing = 0;
		};
/* End PBXFrameworksBuildPhase section */

/* Begin PBXGroup section */
		CCFB186A2A436E80004BB524 = {
			isa = PBXGroup;
			children = (
				CCFB18752A436E80004BB524 /* testARBusinessCard */,
				CCFB18742A436E80004BB524 /* Products */,
			);
			sourceTree = "<group>";
		};
		CCFB18742A436E80004BB524 /* Products */ = {
			isa = PBXGroup;
			children = (
				CCFB18732A436E80004BB524 /* ARBusinessCard.app */,
			);
			name = Products;
			sourceTree = "<group>";
		};
		CCFB18752A436E80004BB524 /* testARBusinessCard */ = {
			isa = PBXGroup;
			children = (
				CC70243E2A4CE99C00AF13FD /* apple-1.mp4 */,
				CC70243D2A4CE99C00AF13FD /* apple-2.mp4 */,
				CCBEB9132A4BDEAC00320D7C /* test.MOV */,
				CCFB18762A436E80004BB524 /* AppDelegate.swift */,
				CCFB18782A436E80004BB524 /* art.scnassets */,
				CCFB187A2A436E80004BB524 /* ViewController.swift */,
				CCFB187C2A436E80004BB524 /* Main.storyboard */,
				CCFB187F2A436E81004BB524 /* Assets.xcassets */,
				CCFB18812A436E81004BB524 /* LaunchScreen.storyboard */,
				CCFB188F2A436FB3004BB524 /* SwiftUICardView.swift */,
				CCBEB90D2A4BD70F00320D7C /* SocialMediaView.swift */,
				CCBEB9152A4BEB5700320D7C /* ButtonView.swift */,
			);
			path = testARBusinessCard;
			sourceTree = "<group>";
		};
/* End PBXGroup section */

/* Begin PBXNativeTarget section */
		CCFB18722A436E80004BB524 /* ARBusinessCard */ = {
			isa = PBXNativeTarget;
			buildConfigurationList = CCFB18862A436E81004BB524 /* Build configuration list for PBXNativeTarget "ARBusinessCard" */;
			buildPhases = (
				CCFB186F2A436E80004BB524 /* Sources */,
				CCFB18702A436E80004BB524 /* Frameworks */,
				CCFB18712A436E80004BB524 /* Resources */,
			);
			buildRules = (
			);
			dependencies = (
			);
			name = ARBusinessCard;
			productName = testARBusinessCard;
			productReference = CCFB18732A436E80004BB524 /* ARBusinessCard.app */;
			productType = "com.apple.product-type.application";
		};
/* End PBXNativeTarget section */

/* Begin PBXProject section */
		CCFB186B2A436E80004BB524 /* Project object */ = {
			isa = PBXProject;
			attributes = {
				BuildIndependentTargetsInParallel = 1;
				LastSwiftUpdateCheck = 1430;
				LastUpgradeCheck = 1430;
				TargetAttributes = {
					CCFB18722A436E80004BB524 = {
						CreatedOnToolsVersion = 14.3.1;
					};
				};
			};
			buildConfigurationList = CCFB186E2A436E80004BB524 /* Build configuration list for PBXProject "ARBusinessCard" */;
			compatibilityVersion = "Xcode 14.0";
			developmentRegion = en;
			hasScannedForEncodings = 0;
			knownRegions = (
				en,
				Base,
			);
			mainGroup = CCFB186A2A436E80004BB524;
			productRefGroup = CCFB18742A436E80004BB524 /* Products */;
			projectDirPath = "";
			projectRoot = "";
			targets = (
				CCFB18722A436E80004BB524 /* ARBusinessCard */,
			);
		};
/* End PBXProject section */

/* Begin PBXResourcesBuildPhase section */
		CCFB18712A436E80004BB524 /* Resources */ = {
			isa = PBXResourcesBuildPhase;
			buildActionMask = 2147483647;
			files = (
				CCFB18792A436E80004BB524 /* art.scnassets in Resources */,
				CCFB18832A436E81004BB524 /* LaunchScreen.storyboard in Resources */,
				CCFB18802A436E81004BB524 /* Assets.xcassets in Resources */,
				CC70243F2A4CE99D00AF13FD /* apple-2.mp4 in Resources */,
				CCBEB9142A4BDEAC00320D7C /* test.MOV in Resources */,
				CCFB187E2A436E80004BB524 /* Main.storyboard in Resources */,
				CC7024402A4CE99D00AF13FD /* apple-1.mp4 in Resources */,
			);
			runOnlyForDeploymentPostprocessing = 0;
		};
/* End PBXResourcesBuildPhase section */

/* Begin PBXSourcesBuildPhase section */
		CCFB186F2A436E80004BB524 /* Sources */ = {
			isa = PBXSourcesBuildPhase;
			buildActionMask = 2147483647;
			files = (
				CCFB187B2A436E80004BB524 /* ViewController.swift in Sources */,
				CCFB18902A436FB3004BB524 /* SwiftUICardView.swift in Sources */,
				CCBEB9162A4BEB5700320D7C /* ButtonView.swift in Sources */,
				CCBEB90E2A4BD70F00320D7C /* SocialMediaView.swift in Sources */,
				CCFB18772A436E80004BB524 /* AppDelegate.swift in Sources */,
			);
			runOnlyForDeploymentPostprocessing = 0;
		};
/* End PBXSourcesBuildPhase section */

/* Begin PBXVariantGroup section */
		CCFB187C2A436E80004BB524 /* Main.storyboard */ = {
			isa = PBXVariantGroup;
			children = (
				CCFB187D2A436E80004BB524 /* Base */,
			);
			name = Main.storyboard;
			sourceTree = "<group>";
		};
		CCFB18812A436E81004BB524 /* LaunchScreen.storyboard */ = {
			isa = PBXVariantGroup;
			children = (
				CCFB18822A436E81004BB524 /* Base */,
			);
			name = LaunchScreen.storyboard;
			sourceTree = "<group>";
		};
/* End PBXVariantGroup section */

/* Begin XCBuildConfiguration section */
		CCFB18842A436E81004BB524 /* Debug */ = {
			isa = XCBuildConfiguration;
			buildSettings = {
				ALWAYS_SEARCH_USER_PATHS = NO;
				CLANG_ANALYZER_NONNULL = YES;
				CLANG_ANALYZER_NUMBER_OBJECT_CONVERSION = YES_AGGRESSIVE;
				CLANG_CXX_LANGUAGE_STANDARD = "gnu++20";
				CLANG_ENABLE_MODULES = YES;
				CLANG_ENABLE_OBJC_ARC = YES;
				CLANG_ENABLE_OBJC_WEAK = YES;
				CLANG_WARN_BLOCK_CAPTURE_AUTORELEASING = YES;
				CLANG_WARN_BOOL_CONVERSION = YES;
				CLANG_WARN_COMMA = YES;
				CLANG_WARN_CONSTANT_CONVERSION = YES;
				CLANG_WARN_DEPRECATED_OBJC_IMPLEMENTATIONS = YES;
				CLANG_WARN_DIRECT_OBJC_ISA_USAGE = YES_ERROR;
				CLANG_WARN_DOCUMENTATION_COMMENTS = YES;
				CLANG_WARN_EMPTY_BODY = YES;
				CLANG_WARN_ENUM_CONVERSION = YES;
				CLANG_WARN_INFINITE_RECURSION = YES;
				CLANG_WARN_INT_CONVERSION = YES;
				CLANG_WARN_NON_LITERAL_NULL_CONVERSION = YES;
				CLANG_WARN_OBJC_IMPLICIT_RETAIN_SELF = YES;
				CLANG_WARN_OBJC_LITERAL_CONVERSION = YES;
				CLANG_WARN_OBJC_ROOT_CLASS = YES_ERROR;
				CLANG_WARN_QUOTED_INCLUDE_IN_FRAMEWORK_HEADER = YES;
				CLANG_WARN_RANGE_LOOP_ANALYSIS = YES;
				CLANG_WARN_STRICT_PROTOTYPES = YES;
				CLANG_WARN_SUSPICIOUS_MOVE = YES;
				CLANG_WARN_UNGUARDED_AVAILABILITY = YES_AGGRESSIVE;
				CLANG_WARN_UNREACHABLE_CODE = YES;
				CLANG_WARN__DUPLICATE_METHOD_MATCH = YES;
				COPY_PHASE_STRIP = NO;
				DEBUG_INFORMATION_FORMAT = dwarf;
				ENABLE_STRICT_OBJC_MSGSEND = YES;
				ENABLE_TESTABILITY = YES;
				GCC_C_LANGUAGE_STANDARD = gnu11;
				GCC_DYNAMIC_NO_PIC = NO;
				GCC_NO_COMMON_BLOCKS = YES;
				GCC_OPTIMIZATION_LEVEL = 0;
				GCC_PREPROCESSOR_DEFINITIONS = (
					"DEBUG=1",
					"$(inherited)",
				);
				GCC_WARN_64_TO_32_BIT_CONVERSION = YES;
				GCC_WARN_ABOUT_RETURN_TYPE = YES_ERROR;
				GCC_WARN_UNDECLARED_SELECTOR = YES;
				GCC_WARN_UNINITIALIZED_AUTOS = YES_AGGRESSIVE;
				GCC_WARN_UNUSED_FUNCTION = YES;
				GCC_WARN_UNUSED_VARIABLE = YES;
				IPHONEOS_DEPLOYMENT_TARGET = 16.4;
				MTL_ENABLE_DEBUG_INFO = INCLUDE_SOURCE;
				MTL_FAST_MATH = YES;
				ONLY_ACTIVE_ARCH = YES;
				SDKROOT = iphoneos;
				SWIFT_ACTIVE_COMPILATION_CONDITIONS = DEBUG;
				SWIFT_OPTIMIZATION_LEVEL = "-Onone";
			};
			name = Debug;
		};
		CCFB18852A436E81004BB524 /* Release */ = {
			isa = XCBuildConfiguration;
			buildSettings = {
				ALWAYS_SEARCH_USER_PATHS = NO;
				CLANG_ANALYZER_NONNULL = YES;
				CLANG_ANALYZER_NUMBER_OBJECT_CONVERSION = YES_AGGRESSIVE;
				CLANG_CXX_LANGUAGE_STANDARD = "gnu++20";
				CLANG_ENABLE_MODULES = YES;
				CLANG_ENABLE_OBJC_ARC = YES;
				CLANG_ENABLE_OBJC_WEAK = YES;
				CLANG_WARN_BLOCK_CAPTURE_AUTORELEASING = YES;
				CLANG_WARN_BOOL_CONVERSION = YES;
				CLANG_WARN_COMMA = YES;
				CLANG_WARN_CONSTANT_CONVERSION = YES;
				CLANG_WARN_DEPRECATED_OBJC_IMPLEMENTATIONS = YES;
				CLANG_WARN_DIRECT_OBJC_ISA_USAGE = YES_ERROR;
				CLANG_WARN_DOCUMENTATION_COMMENTS = YES;
				CLANG_WARN_EMPTY_BODY = YES;
				CLANG_WARN_ENUM_CONVERSION = YES;
				CLANG_WARN_INFINITE_RECURSION = YES;
				CLANG_WARN_INT_CONVERSION = YES;
				CLANG_WARN_NON_LITERAL_NULL_CONVERSION = YES;
				CLANG_WARN_OBJC_IMPLICIT_RETAIN_SELF = YES;
				CLANG_WARN_OBJC_LITERAL_CONVERSION = YES;
				CLANG_WARN_OBJC_ROOT_CLASS = YES_ERROR;
				CLANG_WARN_QUOTED_INCLUDE_IN_FRAMEWORK_HEADER = YES;
				CLANG_WARN_RANGE_LOOP_ANALYSIS = YES;
				CLANG_WARN_STRICT_PROTOTYPES = YES;
				CLANG_WARN_SUSPICIOUS_MOVE = YES;
				CLANG_WARN_UNGUARDED_AVAILABILITY = YES_AGGRESSIVE;
				CLANG_WARN_UNREACHABLE_CODE = YES;
				CLANG_WARN__DUPLICATE_METHOD_MATCH = YES;
				COPY_PHASE_STRIP = NO;
				DEBUG_INFORMATION_FORMAT = "dwarf-with-dsym";
				ENABLE_NS_ASSERTIONS = NO;
				ENABLE_STRICT_OBJC_MSGSEND = YES;
				GCC_C_LANGUAGE_STANDARD = gnu11;
				GCC_NO_COMMON_BLOCKS = YES;
				GCC_WARN_64_TO_32_BIT_CONVERSION = YES;
				GCC_WARN_ABOUT_RETURN_TYPE = YES_ERROR;
				GCC_WARN_UNDECLARED_SELECTOR = YES;
				GCC_WARN_UNINITIALIZED_AUTOS = YES_AGGRESSIVE;
				GCC_WARN_UNUSED_FUNCTION = YES;
				GCC_WARN_UNUSED_VARIABLE = YES;
				IPHONEOS_DEPLOYMENT_TARGET = 16.4;
				MTL_ENABLE_DEBUG_INFO = NO;
				MTL_FAST_MATH = YES;
				SDKROOT = iphoneos;
				SWIFT_COMPILATION_MODE = wholemodule;
				SWIFT_OPTIMIZATION_LEVEL = "-O";
				VALIDATE_PRODUCT = YES;
			};
			name = Release;
		};
		CCFB18872A436E81004BB524 /* Debug */ = {
			isa = XCBuildConfiguration;
			buildSettings = {
				ASSETCATALOG_COMPILER_APPICON_NAME = AppIcon;
				ASSETCATALOG_COMPILER_GLOBAL_ACCENT_COLOR_NAME = AccentColor;
				CODE_SIGN_STYLE = Automatic;
				CURRENT_PROJECT_VERSION = 1;
				DEVELOPMENT_TEAM = MNPQBHRKTX;
				GENERATE_INFOPLIST_FILE = YES;
				INFOPLIST_KEY_NSCameraUsageDescription = "";
				INFOPLIST_KEY_UIApplicationSupportsIndirectInputEvents = YES;
				INFOPLIST_KEY_UILaunchStoryboardName = LaunchScreen;
				INFOPLIST_KEY_UIMainStoryboardFile = Main;
				INFOPLIST_KEY_UIRequiredDeviceCapabilities = arkit;
				INFOPLIST_KEY_UIStatusBarHidden = YES;
				INFOPLIST_KEY_UISupportedInterfaceOrientations_iPad = "UIInterfaceOrientationPortrait UIInterfaceOrientationPortraitUpsideDown UIInterfaceOrientationLandscapeLeft UIInterfaceOrientationLandscapeRight";
				INFOPLIST_KEY_UISupportedInterfaceOrientations_iPhone = "UIInterfaceOrientationPortrait UIInterfaceOrientationLandscapeLeft UIInterfaceOrientationLandscapeRight";
				LD_RUNPATH_SEARCH_PATHS = (
					"$(inherited)",
					"@executable_path/Frameworks",
				);
				MARKETING_VERSION = 1.0;
				PRODUCT_BUNDLE_IDENTIFIER = ir.testARBusinessCard;
				PRODUCT_NAME = "$(TARGET_NAME)";
				SWIFT_EMIT_LOC_STRINGS = YES;
				SWIFT_VERSION = 5.0;
				TARGETED_DEVICE_FAMILY = "1,2";
			};
			name = Debug;
		};
		CCFB18882A436E81004BB524 /* Release */ = {
			isa = XCBuildConfiguration;
			buildSettings = {
				ASSETCATALOG_COMPILER_APPICON_NAME = AppIcon;
				ASSETCATALOG_COMPILER_GLOBAL_ACCENT_COLOR_NAME = AccentColor;
				CODE_SIGN_STYLE = Automatic;
				CURRENT_PROJECT_VERSION = 1;
				DEVELOPMENT_TEAM = MNPQBHRKTX;
				GENERATE_INFOPLIST_FILE = YES;
				INFOPLIST_KEY_NSCameraUsageDescription = "";
				INFOPLIST_KEY_UIApplicationSupportsIndirectInputEvents = YES;
				INFOPLIST_KEY_UILaunchStoryboardName = LaunchScreen;
				INFOPLIST_KEY_UIMainStoryboardFile = Main;
				INFOPLIST_KEY_UIRequiredDeviceCapabilities = arkit;
				INFOPLIST_KEY_UIStatusBarHidden = YES;
				INFOPLIST_KEY_UISupportedInterfaceOrientations_iPad = "UIInterfaceOrientationPortrait UIInterfaceOrientationPortraitUpsideDown UIInterfaceOrientationLandscapeLeft UIInterfaceOrientationLandscapeRight";
				INFOPLIST_KEY_UISupportedInterfaceOrientations_iPhone = "UIInterfaceOrientationPortrait UIInterfaceOrientationLandscapeLeft UIInterfaceOrientationLandscapeRight";
				LD_RUNPATH_SEARCH_PATHS = (
					"$(inherited)",
					"@executable_path/Frameworks",
				);
				MARKETING_VERSION = 1.0;
				PRODUCT_BUNDLE_IDENTIFIER = ir.testARBusinessCard;
				PRODUCT_NAME = "$(TARGET_NAME)";
				SWIFT_EMIT_LOC_STRINGS = YES;
				SWIFT_VERSION = 5.0;
				TARGETED_DEVICE_FAMILY = "1,2";
			};
			name = Release;
		};
/* End XCBuildConfiguration section */

/* Begin XCConfigurationList section */
		CCFB186E2A436E80004BB524 /* Build configuration list for PBXProject "ARBusinessCard" */ = {
			isa = XCConfigurationList;
			buildConfigurations = (
				CCFB18842A436E81004BB524 /* Debug */,
				CCFB18852A436E81004BB524 /* Release */,
			);
			defaultConfigurationIsVisible = 0;
			defaultConfigurationName = Release;
		};
		CCFB18862A436E81004BB524 /* Build configuration list for PBXNativeTarget "ARBusinessCard" */ = {
			isa = XCConfigurationList;
			buildConfigurations = (
				CCFB18872A436E81004BB524 /* Debug */,
				CCFB18882A436E81004BB524 /* Release */,
			);
			defaultConfigurationIsVisible = 0;
			defaultConfigurationName = Release;
		};
/* End XCConfigurationList section */
	};
	rootObject = CCFB186B2A436E80004BB524 /* Project object */;
}
