// !$*UTF8*$!
{
	archiveVersion = 1;
	classes = {
	};
	objectVersion = 56;
	objects = {

/* Begin PBXBuildFile section */
		A2C93D6D2A4DE56D00E9F1DA /* AppDelegate.swift in Sources */ = {isa = PBXBuildFile; fileRef = A2C93D6C2A4DE56D00E9F1DA /* AppDelegate.swift */; };
		A2C93D6F2A4DE56D00E9F1DA /* ContentView.swift in Sources */ = {isa = PBXBuildFile; fileRef = A2C93D6E2A4DE56D00E9F1DA /* ContentView.swift */; };
		A2C93D732A4DE56E00E9F1DA /* Assets.xcassets in Resources */ = {isa = PBXBuildFile; fileRef = A2C93D722A4DE56E00E9F1DA /* Assets.xcassets */; };
		A2C93D762A4DE56E00E9F1DA /* Preview Assets.xcassets in Resources */ = {isa = PBXBuildFile; fileRef = A2C93D752A4DE56E00E9F1DA /* Preview Assets.xcassets */; };
		A2C93D812A4DEEED00E9F1DA /* oasis.mov in Resources */ = {isa = PBXBuildFile; fileRef = A2C93D802A4DEEED00E9F1DA /* oasis.mov */; };
		A2C93D832A4DFC4700E9F1DA /* SpotLight.swift in Sources */ = {isa = PBXBuildFile; fileRef = A2C93D822A4DFC4700E9F1DA /* SpotLight.swift */; };
		A2C93D852A4DFD0100E9F1DA /* MyScene.rcproject in Sources */ = {isa = PBXBuildFile; fileRef = A2C93D842A4DFD0100E9F1DA /* MyScene.rcproject */; };
		A2C93D882A4E0E2900E9F1DA /* ObjectARView.swift in Sources */ = {isa = PBXBuildFile; fileRef = A2C93D872A4E0E2900E9F1DA /* ObjectARView.swift */; };
		A2C93D8C2A4E16E800E9F1DA /* MenuView.swift in Sources */ = {isa = PBXBuildFile; fileRef = A2C93D8B2A4E16E800E9F1DA /* MenuView.swift */; };
/* End PBXBuildFile section */

/* Begin PBXFileReference section */
		A2C93D692A4DE56D00E9F1DA /* frameworkAR.app */ = {isa = PBXFileReference; explicitFileType = wrapper.application; includeInIndex = 0; path = frameworkAR.app; sourceTree = BUILT_PRODUCTS_DIR; };
		A2C93D6C2A4DE56D00E9F1DA /* AppDelegate.swift */ = {isa = PBXFileReference; lastKnownFileType = sourcecode.swift; path = AppDelegate.swift; sourceTree = "<group>"; };
		A2C93D6E2A4DE56D00E9F1DA /* ContentView.swift */ = {isa = PBXFileReference; lastKnownFileType = sourcecode.swift; path = ContentView.swift; sourceTree = "<group>"; };
		A2C93D722A4DE56E00E9F1DA /* Assets.xcassets */ = {isa = PBXFileReference; lastKnownFileType = folder.assetcatalog; path = Assets.xcassets; sourceTree = "<group>"; };
		A2C93D752A4DE56E00E9F1DA /* Preview Assets.xcassets */ = {isa = PBXFileReference; lastKnownFileType = folder.assetcatalog; path = "Preview Assets.xcassets"; sourceTree = "<group>"; };
		A2C93D802A4DEEED00E9F1DA /* oasis.mov */ = {isa = PBXFileReference; lastKnownFileType = video.quicktime; path = oasis.mov; sourceTree = "<group>"; };
		A2C93D822A4DFC4700E9F1DA /* SpotLight.swift */ = {isa = PBXFileReference; lastKnownFileType = sourcecode.swift; path = SpotLight.swift; sourceTree = "<group>"; };
		A2C93D842A4DFD0100E9F1DA /* MyScene.rcproject */ = {isa = PBXFileReference; lastKnownFileType = file.rcproject; path = MyScene.rcproject; sourceTree = "<group>"; };
		A2C93D872A4E0E2900E9F1DA /* ObjectARView.swift */ = {isa = PBXFileReference; lastKnownFileType = sourcecode.swift; path = ObjectARView.swift; sourceTree = "<group>"; };
		A2C93D8B2A4E16E800E9F1DA /* MenuView.swift */ = {isa = PBXFileReference; lastKnownFileType = sourcecode.swift; path = MenuView.swift; sourceTree = "<group>"; };
/* End PBXFileReference section */

/* Begin PBXFrameworksBuildPhase section */
		A2C93D662A4DE56D00E9F1DA /* Frameworks */ = {
			isa = PBXFrameworksBuildPhase;
			buildActionMask = 2147483647;
			files = (
			);
			runOnlyForDeploymentPostprocessing = 0;
		};
/* End PBXFrameworksBuildPhase section */

/* Begin PBXGroup section */
		A2C93D602A4DE56D00E9F1DA = {
			isa = PBXGroup;
			children = (
				A2C93D6B2A4DE56D00E9F1DA /* frameworkAR */,
				A2C93D6A2A4DE56D00E9F1DA /* Products */,
			);
			sourceTree = "<group>";
		};
		A2C93D6A2A4DE56D00E9F1DA /* Products */ = {
			isa = PBXGroup;
			children = (
				A2C93D692A4DE56D00E9F1DA /* frameworkAR.app */,
			);
			name = Products;
			sourceTree = "<group>";
		};
		A2C93D6B2A4DE56D00E9F1DA /* frameworkAR */ = {
			isa = PBXGroup;
			children = (
				A2C93D6C2A4DE56D00E9F1DA /* AppDelegate.swift */,
				A2C93D6E2A4DE56D00E9F1DA /* ContentView.swift */,
				A2C93D822A4DFC4700E9F1DA /* SpotLight.swift */,
				A2C93D872A4E0E2900E9F1DA /* ObjectARView.swift */,
				A2C93D8B2A4E16E800E9F1DA /* MenuView.swift */,
				A2C93D722A4DE56E00E9F1DA /* Assets.xcassets */,
				A2C93D802A4DEEED00E9F1DA /* oasis.mov */,
				A2C93D742A4DE56E00E9F1DA /* Preview Content */,
				A2C93D842A4DFD0100E9F1DA /* MyScene.rcproject */,
			);
			path = frameworkAR;
			sourceTree = "<group>";
		};
		A2C93D742A4DE56E00E9F1DA /* Preview Content */ = {
			isa = PBXGroup;
			children = (
				A2C93D752A4DE56E00E9F1DA /* Preview Assets.xcassets */,
			);
			path = "Preview Content";
			sourceTree = "<group>";
		};
/* End PBXGroup section */

/* Begin PBXNativeTarget section */
		A2C93D682A4DE56D00E9F1DA /* frameworkAR */ = {
			isa = PBXNativeTarget;
			buildConfigurationList = A2C93D792A4DE56E00E9F1DA /* Build configuration list for PBXNativeTarget "frameworkAR" */;
			buildPhases = (
				A2C93D652A4DE56D00E9F1DA /* Sources */,
				A2C93D662A4DE56D00E9F1DA /* Frameworks */,
				A2C93D672A4DE56D00E9F1DA /* Resources */,
			);
			buildRules = (
			);
			dependencies = (
			);
			name = frameworkAR;
			productName = frameworkAR;
			productReference = A2C93D692A4DE56D00E9F1DA /* frameworkAR.app */;
			productType = "com.apple.product-type.application";
		};
/* End PBXNativeTarget section */

/* Begin PBXProject section */
		A2C93D612A4DE56D00E9F1DA /* Project object */ = {
			isa = PBXProject;
			attributes = {
				BuildIndependentTargetsInParallel = 1;
				LastSwiftUpdateCheck = 1430;
				LastUpgradeCheck = 1430;
				TargetAttributes = {
					A2C93D682A4DE56D00E9F1DA = {
						CreatedOnToolsVersion = 14.3.1;
					};
				};
			};
			buildConfigurationList = A2C93D642A4DE56D00E9F1DA /* Build configuration list for PBXProject "frameworkAR" */;
			compatibilityVersion = "Xcode 14.0";
			developmentRegion = en;
			hasScannedForEncodings = 0;
			knownRegions = (
				en,
				Base,
			);
			mainGroup = A2C93D602A4DE56D00E9F1DA;
			productRefGroup = A2C93D6A2A4DE56D00E9F1DA /* Products */;
			projectDirPath = "";
			projectRoot = "";
			targets = (
				A2C93D682A4DE56D00E9F1DA /* frameworkAR */,
			);
		};
/* End PBXProject section */

/* Begin PBXResourcesBuildPhase section */
		A2C93D672A4DE56D00E9F1DA /* Resources */ = {
			isa = PBXResourcesBuildPhase;
			buildActionMask = 2147483647;
			files = (
				A2C93D762A4DE56E00E9F1DA /* Preview Assets.xcassets in Resources */,
				A2C93D732A4DE56E00E9F1DA /* Assets.xcassets in Resources */,
				A2C93D812A4DEEED00E9F1DA /* oasis.mov in Resources */,
			);
			runOnlyForDeploymentPostprocessing = 0;
		};
/* End PBXResourcesBuildPhase section */

/* Begin PBXSourcesBuildPhase section */
		A2C93D652A4DE56D00E9F1DA /* Sources */ = {
			isa = PBXSourcesBuildPhase;
			buildActionMask = 2147483647;
			files = (
				A2C93D882A4E0E2900E9F1DA /* ObjectARView.swift in Sources */,
				A2C93D8C2A4E16E800E9F1DA /* MenuView.swift in Sources */,
				A2C93D832A4DFC4700E9F1DA /* SpotLight.swift in Sources */,
				A2C93D6F2A4DE56D00E9F1DA /* ContentView.swift in Sources */,
				A2C93D6D2A4DE56D00E9F1DA /* AppDelegate.swift in Sources */,
				A2C93D852A4DFD0100E9F1DA /* MyScene.rcproject in Sources */,
			);
			runOnlyForDeploymentPostprocessing = 0;
		};
/* End PBXSourcesBuildPhase section */

/* Begin XCBuildConfiguration section */
		A2C93D772A4DE56E00E9F1DA /* Debug */ = {
			isa = XCBuildConfiguration;
			buildSettings = {
				ALWAYS_SEARCH_USER_PATHS = NO;
				CLANG_ANALYZER_NONNULL = YES;
				CLANG_ANALYZER_NUMBER_OBJECT_CONVERSION = YES_AGGRESSIVE;
				CLANG_CXX_LANGUAGE_STANDARD = "gnu++20";
				CLANG_ENABLE_MODULES = YES;
				CLANG_ENABLE_OBJC_ARC = YES;
				CLANG_ENABLE_OBJC_WEAK = YES;
				CLANG_WARN_BLOCK_CAPTURE_AUTORELEASING = YES;
				CLANG_WARN_BOOL_CONVERSION = YES;
				CLANG_WARN_COMMA = YES;
				CLANG_WARN_CONSTANT_CONVERSION = YES;
				CLANG_WARN_DEPRECATED_OBJC_IMPLEMENTATIONS = YES;
				CLANG_WARN_DIRECT_OBJC_ISA_USAGE = YES_ERROR;
				CLANG_WARN_DOCUMENTATION_COMMENTS = YES;
				CLANG_WARN_EMPTY_BODY = YES;
				CLANG_WARN_ENUM_CONVERSION = YES;
				CLANG_WARN_INFINITE_RECURSION = YES;
				CLANG_WARN_INT_CONVERSION = YES;
				CLANG_WARN_NON_LITERAL_NULL_CONVERSION = YES;
				CLANG_WARN_OBJC_IMPLICIT_RETAIN_SELF = YES;
				CLANG_WARN_OBJC_LITERAL_CONVERSION = YES;
				CLANG_WARN_OBJC_ROOT_CLASS = YES_ERROR;
				CLANG_WARN_QUOTED_INCLUDE_IN_FRAMEWORK_HEADER = YES;
				CLANG_WARN_RANGE_LOOP_ANALYSIS = YES;
				CLANG_WARN_STRICT_PROTOTYPES = YES;
				CLANG_WARN_SUSPICIOUS_MOVE = YES;
				CLANG_WARN_UNGUARDED_AVAILABILITY = YES_AGGRESSIVE;
				CLANG_WARN_UNREACHABLE_CODE = YES;
				CLANG_WARN__DUPLICATE_METHOD_MATCH = YES;
				COPY_PHASE_STRIP = NO;
				DEBUG_INFORMATION_FORMAT = dwarf;
				ENABLE_STRICT_OBJC_MSGSEND = YES;
				ENABLE_TESTABILITY = YES;
				GCC_C_LANGUAGE_STANDARD = gnu11;
				GCC_DYNAMIC_NO_PIC = NO;
				GCC_NO_COMMON_BLOCKS = YES;
				GCC_OPTIMIZATION_LEVEL = 0;
				GCC_PREPROCESSOR_DEFINITIONS = (
					"DEBUG=1",
					"$(inherited)",
				);
				GCC_WARN_64_TO_32_BIT_CONVERSION = YES;
				GCC_WARN_ABOUT_RETURN_TYPE = YES_ERROR;
				GCC_WARN_UNDECLARED_SELECTOR = YES;
				GCC_WARN_UNINITIALIZED_AUTOS = YES_AGGRESSIVE;
				GCC_WARN_UNUSED_FUNCTION = YES;
				GCC_WARN_UNUSED_VARIABLE = YES;
				IPHONEOS_DEPLOYMENT_TARGET = 16.4;
				MTL_ENABLE_DEBUG_INFO = INCLUDE_SOURCE;
				MTL_FAST_MATH = YES;
				ONLY_ACTIVE_ARCH = YES;
				SDKROOT = iphoneos;
				SWIFT_ACTIVE_COMPILATION_CONDITIONS = DEBUG;
				SWIFT_OPTIMIZATION_LEVEL = "-Onone";
			};
			name = Debug;
		};
		A2C93D782A4DE56E00E9F1DA /* Release */ = {
			isa = XCBuildConfiguration;
			buildSettings = {
				ALWAYS_SEARCH_USER_PATHS = NO;
				CLANG_ANALYZER_NONNULL = YES;
				CLANG_ANALYZER_NUMBER_OBJECT_CONVERSION = YES_AGGRESSIVE;
				CLANG_CXX_LANGUAGE_STANDARD = "gnu++20";
				CLANG_ENABLE_MODULES = YES;
				CLANG_ENABLE_OBJC_ARC = YES;
				CLANG_ENABLE_OBJC_WEAK = YES;
				CLANG_WARN_BLOCK_CAPTURE_AUTORELEASING = YES;
				CLANG_WARN_BOOL_CONVERSION = YES;
				CLANG_WARN_COMMA = YES;
				CLANG_WARN_CONSTANT_CONVERSION = YES;
				CLANG_WARN_DEPRECATED_OBJC_IMPLEMENTATIONS = YES;
				CLANG_WARN_DIRECT_OBJC_ISA_USAGE = YES_ERROR;
				CLANG_WARN_DOCUMENTATION_COMMENTS = YES;
				CLANG_WARN_EMPTY_BODY = YES;
				CLANG_WARN_ENUM_CONVERSION = YES;
				CLANG_WARN_INFINITE_RECURSION = YES;
				CLANG_WARN_INT_CONVERSION = YES;
				CLANG_WARN_NON_LITERAL_NULL_CONVERSION = YES;
				CLANG_WARN_OBJC_IMPLICIT_RETAIN_SELF = YES;
				CLANG_WARN_OBJC_LITERAL_CONVERSION = YES;
				CLANG_WARN_OBJC_ROOT_CLASS = YES_ERROR;
				CLANG_WARN_QUOTED_INCLUDE_IN_FRAMEWORK_HEADER = YES;
				CLANG_WARN_RANGE_LOOP_ANALYSIS = YES;
				CLANG_WARN_STRICT_PROTOTYPES = YES;
				CLANG_WARN_SUSPICIOUS_MOVE = YES;
				CLANG_WARN_UNGUARDED_AVAILABILITY = YES_AGGRESSIVE;
				CLANG_WARN_UNREACHABLE_CODE = YES;
				CLANG_WARN__DUPLICATE_METHOD_MATCH = YES;
				COPY_PHASE_STRIP = NO;
				DEBUG_INFORMATION_FORMAT = "dwarf-with-dsym";
				ENABLE_NS_ASSERTIONS = NO;
				ENABLE_STRICT_OBJC_MSGSEND = YES;
				GCC_C_LANGUAGE_STANDARD = gnu11;
				GCC_NO_COMMON_BLOCKS = YES;
				GCC_WARN_64_TO_32_BIT_CONVERSION = YES;
				GCC_WARN_ABOUT_RETURN_TYPE = YES_ERROR;
				GCC_WARN_UNDECLARED_SELECTOR = YES;
				GCC_WARN_UNINITIALIZED_AUTOS = YES_AGGRESSIVE;
				GCC_WARN_UNUSED_FUNCTION = YES;
				GCC_WARN_UNUSED_VARIABLE = YES;
				IPHONEOS_DEPLOYMENT_TARGET = 16.4;
				MTL_ENABLE_DEBUG_INFO = NO;
				MTL_FAST_MATH = YES;
				SDKROOT = iphoneos;
				SWIFT_COMPILATION_MODE = wholemodule;
				SWIFT_OPTIMIZATION_LEVEL = "-O";
				VALIDATE_PRODUCT = YES;
			};
			name = Release;
		};
		A2C93D7A2A4DE56E00E9F1DA /* Debug */ = {
			isa = XCBuildConfiguration;
			buildSettings = {
				ASSETCATALOG_COMPILER_APPICON_NAME = AppIcon;
				ASSETCATALOG_COMPILER_GLOBAL_ACCENT_COLOR_NAME = AccentColor;
				CODE_SIGN_STYLE = Automatic;
				CURRENT_PROJECT_VERSION = 1;
				DEVELOPMENT_ASSET_PATHS = "\"frameworkAR/Preview Content\"";
				DEVELOPMENT_TEAM = D4KUJS22Y9;
				ENABLE_PREVIEWS = YES;
				GENERATE_INFOPLIST_FILE = YES;
				INFOPLIST_KEY_NSCameraUsageDescription = "";
				INFOPLIST_KEY_UIApplicationSupportsIndirectInputEvents = YES;
				INFOPLIST_KEY_UILaunchScreen_Generation = YES;
				INFOPLIST_KEY_UIRequiredDeviceCapabilities = arkit;
				INFOPLIST_KEY_UIStatusBarHidden = YES;
				INFOPLIST_KEY_UISupportedInterfaceOrientations_iPad = "UIInterfaceOrientationPortrait UIInterfaceOrientationPortraitUpsideDown UIInterfaceOrientationLandscapeLeft UIInterfaceOrientationLandscapeRight";
				INFOPLIST_KEY_UISupportedInterfaceOrientations_iPhone = "UIInterfaceOrientationPortrait UIInterfaceOrientationLandscapeLeft UIInterfaceOrientationLandscapeRight";
				LD_RUNPATH_SEARCH_PATHS = (
					"$(inherited)",
					"@executable_path/Frameworks",
				);
				MARKETING_VERSION = 1.0;
				PRODUCT_BUNDLE_IDENTIFIER = safik.frameworkAR;
				PRODUCT_NAME = "$(TARGET_NAME)";
				SWIFT_EMIT_LOC_STRINGS = YES;
				SWIFT_VERSION = 5.0;
				TARGETED_DEVICE_FAMILY = "1,2";
			};
			name = Debug;
		};
		A2C93D7B2A4DE56E00E9F1DA /* Release */ = {
			isa = XCBuildConfiguration;
			buildSettings = {
				ASSETCATALOG_COMPILER_APPICON_NAME = AppIcon;
				ASSETCATALOG_COMPILER_GLOBAL_ACCENT_COLOR_NAME = AccentColor;
				CODE_SIGN_STYLE = Automatic;
				CURRENT_PROJECT_VERSION = 1;
				DEVELOPMENT_ASSET_PATHS = "\"frameworkAR/Preview Content\"";
				DEVELOPMENT_TEAM = D4KUJS22Y9;
				ENABLE_PREVIEWS = YES;
				GENERATE_INFOPLIST_FILE = YES;
				INFOPLIST_KEY_NSCameraUsageDescription = "";
				INFOPLIST_KEY_UIApplicationSupportsIndirectInputEvents = YES;
				INFOPLIST_KEY_UILaunchScreen_Generation = YES;
				INFOPLIST_KEY_UIRequiredDeviceCapabilities = arkit;
				INFOPLIST_KEY_UIStatusBarHidden = YES;
				INFOPLIST_KEY_UISupportedInterfaceOrientations_iPad = "UIInterfaceOrientationPortrait UIInterfaceOrientationPortraitUpsideDown UIInterfaceOrientationLandscapeLeft UIInterfaceOrientationLandscapeRight";
				INFOPLIST_KEY_UISupportedInterfaceOrientations_iPhone = "UIInterfaceOrientationPortrait UIInterfaceOrientationLandscapeLeft UIInterfaceOrientationLandscapeRight";
				LD_RUNPATH_SEARCH_PATHS = (
					"$(inherited)",
					"@executable_path/Frameworks",
				);
				MARKETING_VERSION = 1.0;
				PRODUCT_BUNDLE_IDENTIFIER = safik.frameworkAR;
				PRODUCT_NAME = "$(TARGET_NAME)";
				SWIFT_EMIT_LOC_STRINGS = YES;
				SWIFT_VERSION = 5.0;
				TARGETED_DEVICE_FAMILY = "1,2";
			};
			name = Release;
		};
/* End XCBuildConfiguration section */

/* Begin XCConfigurationList section */
		A2C93D642A4DE56D00E9F1DA /* Build configuration list for PBXProject "frameworkAR" */ = {
			isa = XCConfigurationList;
			buildConfigurations = (
				A2C93D772A4DE56E00E9F1DA /* Debug */,
				A2C93D782A4DE56E00E9F1DA /* Release */,
			);
			defaultConfigurationIsVisible = 0;
			defaultConfigurationName = Release;
		};
		A2C93D792A4DE56E00E9F1DA /* Build configuration list for PBXNativeTarget "frameworkAR" */ = {
			isa = XCConfigurationList;
			buildConfigurations = (
				A2C93D7A2A4DE56E00E9F1DA /* Debug */,
				A2C93D7B2A4DE56E00E9F1DA /* Release */,
			);
			defaultConfigurationIsVisible = 0;
			defaultConfigurationName = Release;
		};
/* End XCConfigurationList section */
	};
	rootObject = A2C93D612A4DE56D00E9F1DA /* Project object */;
}
